// !$*UTF8*$!
{
	archiveVersion = 1;
	classes = {
	};
	objectVersion = 56;
	objects = {

/* Begin PBXBuildFile section */
		E1BD47C22A3EF308007A4823 /* Pham_Hong_Duy_NotesApp.swift in Sources */ = {isa = PBXBuildFile; fileRef = E1BD47C12A3EF308007A4823 /* Pham_Hong_Duy_NotesApp.swift */; };
		E1BD47C42A3EF308007A4823 /* ContentView.swift in Sources */ = {isa = PBXBuildFile; fileRef = E1BD47C32A3EF308007A4823 /* ContentView.swift */; };
		E1BD47C62A3EF309007A4823 /* Assets.xcassets in Resources */ = {isa = PBXBuildFile; fileRef = E1BD47C52A3EF309007A4823 /* Assets.xcassets */; };
		E1BD47C92A3EF309007A4823 /* Preview Assets.xcassets in Resources */ = {isa = PBXBuildFile; fileRef = E1BD47C82A3EF309007A4823 /* Preview Assets.xcassets */; };
		E1BD47D32A3EF30A007A4823 /* Pham_Hong_Duy_NotesTests.swift in Sources */ = {isa = PBXBuildFile; fileRef = E1BD47D22A3EF30A007A4823 /* Pham_Hong_Duy_NotesTests.swift */; };
		E1BD47DD2A3EF30A007A4823 /* Pham_Hong_Duy_NotesUITests.swift in Sources */ = {isa = PBXBuildFile; fileRef = E1BD47DC2A3EF30A007A4823 /* Pham_Hong_Duy_NotesUITests.swift */; };
		E1BD47DF2A3EF30A007A4823 /* Pham_Hong_Duy_NotesUITestsLaunchTests.swift in Sources */ = {isa = PBXBuildFile; fileRef = E1BD47DE2A3EF30A007A4823 /* Pham_Hong_Duy_NotesUITestsLaunchTests.swift */; };
/* End PBXBuildFile section */

/* Begin PBXContainerItemProxy section */
		E1BD47CF2A3EF30A007A4823 /* PBXContainerItemProxy */ = {
			isa = PBXContainerItemProxy;
			containerPortal = E1BD47B62A3EF308007A4823 /* Project object */;
			proxyType = 1;
			remoteGlobalIDString = E1BD47BD2A3EF308007A4823;
			remoteInfo = "Pham Hong Duy Notes";
		};
		E1BD47D92A3EF30A007A4823 /* PBXContainerItemProxy */ = {
			isa = PBXContainerItemProxy;
			containerPortal = E1BD47B62A3EF308007A4823 /* Project object */;
			proxyType = 1;
			remoteGlobalIDString = E1BD47BD2A3EF308007A4823;
			remoteInfo = "Pham Hong Duy Notes";
		};
/* End PBXContainerItemProxy section */

/* Begin PBXFileReference section */
		E1BD47BE2A3EF308007A4823 /* Pham Hong Duy Notes.app */ = {isa = PBXFileReference; explicitFileType = wrapper.application; includeInIndex = 0; path = "Pham Hong Duy Notes.app"; sourceTree = BUILT_PRODUCTS_DIR; };
		E1BD47C12A3EF308007A4823 /* Pham_Hong_Duy_NotesApp.swift */ = {isa = PBXFileReference; lastKnownFileType = sourcecode.swift; path = Pham_Hong_Duy_NotesApp.swift; sourceTree = "<group>"; };
		E1BD47C32A3EF308007A4823 /* ContentView.swift */ = {isa = PBXFileReference; lastKnownFileType = sourcecode.swift; path = ContentView.swift; sourceTree = "<group>"; };
		E1BD47C52A3EF309007A4823 /* Assets.xcassets */ = {isa = PBXFileReference; lastKnownFileType = folder.assetcatalog; path = Assets.xcassets; sourceTree = "<group>"; };
		E1BD47C82A3EF309007A4823 /* Preview Assets.xcassets */ = {isa = PBXFileReference; lastKnownFileType = folder.assetcatalog; path = "Preview Assets.xcassets"; sourceTree = "<group>"; };
		E1BD47CE2A3EF30A007A4823 /* Pham Hong Duy NotesTests.xctest */ = {isa = PBXFileReference; explicitFileType = wrapper.cfbundle; includeInIndex = 0; path = "Pham Hong Duy NotesTests.xctest"; sourceTree = BUILT_PRODUCTS_DIR; };
		E1BD47D22A3EF30A007A4823 /* Pham_Hong_Duy_NotesTests.swift */ = {isa = PBXFileReference; lastKnownFileType = sourcecode.swift; path = Pham_Hong_Duy_NotesTests.swift; sourceTree = "<group>"; };
		E1BD47D82A3EF30A007A4823 /* Pham Hong Duy NotesUITests.xctest */ = {isa = PBXFileReference; explicitFileType = wrapper.cfbundle; includeInIndex = 0; path = "Pham Hong Duy NotesUITests.xctest"; sourceTree = BUILT_PRODUCTS_DIR; };
		E1BD47DC2A3EF30A007A4823 /* Pham_Hong_Duy_NotesUITests.swift */ = {isa = PBXFileReference; lastKnownFileType = sourcecode.swift; path = Pham_Hong_Duy_NotesUITests.swift; sourceTree = "<group>"; };
		E1BD47DE2A3EF30A007A4823 /* Pham_Hong_Duy_NotesUITestsLaunchTests.swift */ = {isa = PBXFileReference; lastKnownFileType = sourcecode.swift; path = Pham_Hong_Duy_NotesUITestsLaunchTests.swift; sourceTree = "<group>"; };
/* End PBXFileReference section */

/* Begin PBXFrameworksBuildPhase section */
		E1BD47BB2A3EF308007A4823 /* Frameworks */ = {
			isa = PBXFrameworksBuildPhase;
			buildActionMask = 2147483647;
			files = (
			);
			runOnlyForDeploymentPostprocessing = 0;
		};
		E1BD47CB2A3EF30A007A4823 /* Frameworks */ = {
			isa = PBXFrameworksBuildPhase;
			buildActionMask = 2147483647;
			files = (
			);
			runOnlyForDeploymentPostprocessing = 0;
		};
		E1BD47D52A3EF30A007A4823 /* Frameworks */ = {
			isa = PBXFrameworksBuildPhase;
			buildActionMask = 2147483647;
			files = (
			);
			runOnlyForDeploymentPostprocessing = 0;
		};
/* End PBXFrameworksBuildPhase section */

/* Begin PBXGroup section */
		E1BD47B52A3EF308007A4823 = {
			isa = PBXGroup;
			children = (
				E1BD47C02A3EF308007A4823 /* Pham Hong Duy Notes */,
				E1BD47D12A3EF30A007A4823 /* Pham Hong Duy NotesTests */,
				E1BD47DB2A3EF30A007A4823 /* Pham Hong Duy NotesUITests */,
				E1BD47BF2A3EF308007A4823 /* Products */,
			);
			sourceTree = "<group>";
		};
		E1BD47BF2A3EF308007A4823 /* Products */ = {
			isa = PBXGroup;
			children = (
				E1BD47BE2A3EF308007A4823 /* Pham Hong Duy Notes.app */,
				E1BD47CE2A3EF30A007A4823 /* Pham Hong Duy NotesTests.xctest */,
				E1BD47D82A3EF30A007A4823 /* Pham Hong Duy NotesUITests.xctest */,
			);
			name = Products;
			sourceTree = "<group>";
		};
		E1BD47C02A3EF308007A4823 /* Pham Hong Duy Notes */ = {
			isa = PBXGroup;
			children = (
				E1BD47C12A3EF308007A4823 /* Pham_Hong_Duy_NotesApp.swift */,
				E1BD47C32A3EF308007A4823 /* ContentView.swift */,
				E1BD47C52A3EF309007A4823 /* Assets.xcassets */,
				E1BD47C72A3EF309007A4823 /* Preview Content */,
			);
			path = "Pham Hong Duy Notes";
			sourceTree = "<group>";
		};
		E1BD47C72A3EF309007A4823 /* Preview Content */ = {
			isa = PBXGroup;
			children = (
				E1BD47C82A3EF309007A4823 /* Preview Assets.xcassets */,
			);
			path = "Preview Content";
			sourceTree = "<group>";
		};
		E1BD47D12A3EF30A007A4823 /* Pham Hong Duy NotesTests */ = {
			isa = PBXGroup;
			children = (
				E1BD47D22A3EF30A007A4823 /* Pham_Hong_Duy_NotesTests.swift */,
			);
			path = "Pham Hong Duy NotesTests";
			sourceTree = "<group>";
		};
		E1BD47DB2A3EF30A007A4823 /* Pham Hong Duy NotesUITests */ = {
			isa = PBXGroup;
			children = (
				E1BD47DC2A3EF30A007A4823 /* Pham_Hong_Duy_NotesUITests.swift */,
				E1BD47DE2A3EF30A007A4823 /* Pham_Hong_Duy_NotesUITestsLaunchTests.swift */,
			);
			path = "Pham Hong Duy NotesUITests";
			sourceTree = "<group>";
		};
/* End PBXGroup section */

/* Begin PBXNativeTarget section */
		E1BD47BD2A3EF308007A4823 /* Pham Hong Duy Notes */ = {
			isa = PBXNativeTarget;
			buildConfigurationList = E1BD47E22A3EF30A007A4823 /* Build configuration list for PBXNativeTarget "Pham Hong Duy Notes" */;
			buildPhases = (
				E1BD47BA2A3EF308007A4823 /* Sources */,
				E1BD47BB2A3EF308007A4823 /* Frameworks */,
				E1BD47BC2A3EF308007A4823 /* Resources */,
			);
			buildRules = (
			);
			dependencies = (
			);
			name = "Pham Hong Duy Notes";
			productName = "Pham Hong Duy Notes";
			productReference = E1BD47BE2A3EF308007A4823 /* Pham Hong Duy Notes.app */;
			productType = "com.apple.product-type.application";
		};
		E1BD47CD2A3EF30A007A4823 /* Pham Hong Duy NotesTests */ = {
			isa = PBXNativeTarget;
			buildConfigurationList = E1BD47E52A3EF30A007A4823 /* Build configuration list for PBXNativeTarget "Pham Hong Duy NotesTests" */;
			buildPhases = (
				E1BD47CA2A3EF30A007A4823 /* Sources */,
				E1BD47CB2A3EF30A007A4823 /* Frameworks */,
				E1BD47CC2A3EF30A007A4823 /* Resources */,
			);
			buildRules = (
			);
			dependencies = (
				E1BD47D02A3EF30A007A4823 /* PBXTargetDependency */,
			);
			name = "Pham Hong Duy NotesTests";
			productName = "Pham Hong Duy NotesTests";
			productReference = E1BD47CE2A3EF30A007A4823 /* Pham Hong Duy NotesTests.xctest */;
			productType = "com.apple.product-type.bundle.unit-test";
		};
		E1BD47D72A3EF30A007A4823 /* Pham Hong Duy NotesUITests */ = {
			isa = PBXNativeTarget;
			buildConfigurationList = E1BD47E82A3EF30A007A4823 /* Build configuration list for PBXNativeTarget "Pham Hong Duy NotesUITests" */;
			buildPhases = (
				E1BD47D42A3EF30A007A4823 /* Sources */,
				E1BD47D52A3EF30A007A4823 /* Frameworks */,
				E1BD47D62A3EF30A007A4823 /* Resources */,
			);
			buildRules = (
			);
			dependencies = (
				E1BD47DA2A3EF30A007A4823 /* PBXTargetDependency */,
			);
			name = "Pham Hong Duy NotesUITests";
			productName = "Pham Hong Duy NotesUITests";
			productReference = E1BD47D82A3EF30A007A4823 /* Pham Hong Duy NotesUITests.xctest */;
			productType = "com.apple.product-type.bundle.ui-testing";
		};
/* End PBXNativeTarget section */

/* Begin PBXProject section */
		E1BD47B62A3EF308007A4823 /* Project object */ = {
			isa = PBXProject;
			attributes = {
				BuildIndependentTargetsInParallel = 1;
				LastSwiftUpdateCheck = 1420;
				LastUpgradeCheck = 1420;
				TargetAttributes = {
					E1BD47BD2A3EF308007A4823 = {
						CreatedOnToolsVersion = 14.2;
					};
					E1BD47CD2A3EF30A007A4823 = {
						CreatedOnToolsVersion = 14.2;
						TestTargetID = E1BD47BD2A3EF308007A4823;
					};
					E1BD47D72A3EF30A007A4823 = {
						CreatedOnToolsVersion = 14.2;
						TestTargetID = E1BD47BD2A3EF308007A4823;
					};
				};
			};
			buildConfigurationList = E1BD47B92A3EF308007A4823 /* Build configuration list for PBXProject "Pham Hong Duy Notes" */;
			compatibilityVersion = "Xcode 14.0";
			developmentRegion = en;
			hasScannedForEncodings = 0;
			knownRegions = (
				en,
				Base,
			);
			mainGroup = E1BD47B52A3EF308007A4823;
			productRefGroup = E1BD47BF2A3EF308007A4823 /* Products */;
			projectDirPath = "";
			projectRoot = "";
			targets = (
				E1BD47BD2A3EF308007A4823 /* Pham Hong Duy Notes */,
				E1BD47CD2A3EF30A007A4823 /* Pham Hong Duy NotesTests */,
				E1BD47D72A3EF30A007A4823 /* Pham Hong Duy NotesUITests */,
			);
		};
/* End PBXProject section */

/* Begin PBXResourcesBuildPhase section */
		E1BD47BC2A3EF308007A4823 /* Resources */ = {
			isa = PBXResourcesBuildPhase;
			buildActionMask = 2147483647;
			files = (
				E1BD47C92A3EF309007A4823 /* Preview Assets.xcassets in Resources */,
				E1BD47C62A3EF309007A4823 /* Assets.xcassets in Resources */,
			);
			runOnlyForDeploymentPostprocessing = 0;
		};
		E1BD47CC2A3EF30A007A4823 /* Resources */ = {
			isa = PBXResourcesBuildPhase;
			buildActionMask = 2147483647;
			files = (
			);
			runOnlyForDeploymentPostprocessing = 0;
		};
		E1BD47D62A3EF30A007A4823 /* Resources */ = {
			isa = PBXResourcesBuildPhase;
			buildActionMask = 2147483647;
			files = (
			);
			runOnlyForDeploymentPostprocessing = 0;
		};
/* End PBXResourcesBuildPhase section */

/* Begin PBXSourcesBuildPhase section */
		E1BD47BA2A3EF308007A4823 /* Sources */ = {
			isa = PBXSourcesBuildPhase;
			buildActionMask = 2147483647;
			files = (
				E1BD47C42A3EF308007A4823 /* ContentView.swift in Sources */,
				E1BD47C22A3EF308007A4823 /* Pham_Hong_Duy_NotesApp.swift in Sources */,
			);
			runOnlyForDeploymentPostprocessing = 0;
		};
		E1BD47CA2A3EF30A007A4823 /* Sources */ = {
			isa = PBXSourcesBuildPhase;
			buildActionMask = 2147483647;
			files = (
				E1BD47D32A3EF30A007A4823 /* Pham_Hong_Duy_NotesTests.swift in Sources */,
			);
			runOnlyForDeploymentPostprocessing = 0;
		};
		E1BD47D42A3EF30A007A4823 /* Sources */ = {
			isa = PBXSourcesBuildPhase;
			buildActionMask = 2147483647;
			files = (
				E1BD47DD2A3EF30A007A4823 /* Pham_Hong_Duy_NotesUITests.swift in Sources */,
				E1BD47DF2A3EF30A007A4823 /* Pham_Hong_Duy_NotesUITestsLaunchTests.swift in Sources */,
			);
			runOnlyForDeploymentPostprocessing = 0;
		};
/* End PBXSourcesBuildPhase section */

/* Begin PBXTargetDependency section */
		E1BD47D02A3EF30A007A4823 /* PBXTargetDependency */ = {
			isa = PBXTargetDependency;
			target = E1BD47BD2A3EF308007A4823 /* Pham Hong Duy Notes */;
			targetProxy = E1BD47CF2A3EF30A007A4823 /* PBXContainerItemProxy */;
		};
		E1BD47DA2A3EF30A007A4823 /* PBXTargetDependency */ = {
			isa = PBXTargetDependency;
			target = E1BD47BD2A3EF308007A4823 /* Pham Hong Duy Notes */;
			targetProxy = E1BD47D92A3EF30A007A4823 /* PBXContainerItemProxy */;
		};
/* End PBXTargetDependency section */

/* Begin XCBuildConfiguration section */
		E1BD47E02A3EF30A007A4823 /* Debug */ = {
			isa = XCBuildConfiguration;
			buildSettings = {
				ALWAYS_SEARCH_USER_PATHS = NO;
				CLANG_ANALYZER_NONNULL = YES;
				CLANG_ANALYZER_NUMBER_OBJECT_CONVERSION = YES_AGGRESSIVE;
				CLANG_CXX_LANGUAGE_STANDARD = "gnu++20";
				CLANG_ENABLE_MODULES = YES;
				CLANG_ENABLE_OBJC_ARC = YES;
				CLANG_ENABLE_OBJC_WEAK = YES;
				CLANG_WARN_BLOCK_CAPTURE_AUTORELEASING = YES;
				CLANG_WARN_BOOL_CONVERSION = YES;
				CLANG_WARN_COMMA = YES;
				CLANG_WARN_CONSTANT_CONVERSION = YES;
				CLANG_WARN_DEPRECATED_OBJC_IMPLEMENTATIONS = YES;
				CLANG_WARN_DIRECT_OBJC_ISA_USAGE = YES_ERROR;
				CLANG_WARN_DOCUMENTATION_COMMENTS = YES;
				CLANG_WARN_EMPTY_BODY = YES;
				CLANG_WARN_ENUM_CONVERSION = YES;
				CLANG_WARN_INFINITE_RECURSION = YES;
				CLANG_WARN_INT_CONVERSION = YES;
				CLANG_WARN_NON_LITERAL_NULL_CONVERSION = YES;
				CLANG_WARN_OBJC_IMPLICIT_RETAIN_SELF = YES;
				CLANG_WARN_OBJC_LITERAL_CONVERSION = YES;
				CLANG_WARN_OBJC_ROOT_CLASS = YES_ERROR;
				CLANG_WARN_QUOTED_INCLUDE_IN_FRAMEWORK_HEADER = YES;
				CLANG_WARN_RANGE_LOOP_ANALYSIS = YES;
				CLANG_WARN_STRICT_PROTOTYPES = YES;
				CLANG_WARN_SUSPICIOUS_MOVE = YES;
				CLANG_WARN_UNGUARDED_AVAILABILITY = YES_AGGRESSIVE;
				CLANG_WARN_UNREACHABLE_CODE = YES;
				CLANG_WARN__DUPLICATE_METHOD_MATCH = YES;
				COPY_PHASE_STRIP = NO;
				DEBUG_INFORMATION_FORMAT = dwarf;
				ENABLE_STRICT_OBJC_MSGSEND = YES;
				ENABLE_TESTABILITY = YES;
				GCC_C_LANGUAGE_STANDARD = gnu11;
				GCC_DYNAMIC_NO_PIC = NO;
				GCC_NO_COMMON_BLOCKS = YES;
				GCC_OPTIMIZATION_LEVEL = 0;
				GCC_PREPROCESSOR_DEFINITIONS = (
					"DEBUG=1",
					"$(inherited)",
				);
				GCC_WARN_64_TO_32_BIT_CONVERSION = YES;
				GCC_WARN_ABOUT_RETURN_TYPE = YES_ERROR;
				GCC_WARN_UNDECLARED_SELECTOR = YES;
				GCC_WARN_UNINITIALIZED_AUTOS = YES_AGGRESSIVE;
				GCC_WARN_UNUSED_FUNCTION = YES;
				GCC_WARN_UNUSED_VARIABLE = YES;
				IPHONEOS_DEPLOYMENT_TARGET = 16.2;
				MTL_ENABLE_DEBUG_INFO = INCLUDE_SOURCE;
				MTL_FAST_MATH = YES;
				ONLY_ACTIVE_ARCH = YES;
				SDKROOT = iphoneos;
				SWIFT_ACTIVE_COMPILATION_CONDITIONS = DEBUG;
				SWIFT_OPTIMIZATION_LEVEL = "-Onone";
			};
			name = Debug;
		};
		E1BD47E12A3EF30A007A4823 /* Release */ = {
			isa = XCBuildConfiguration;
			buildSettings = {
				ALWAYS_SEARCH_USER_PATHS = NO;
				CLANG_ANALYZER_NONNULL = YES;
				CLANG_ANALYZER_NUMBER_OBJECT_CONVERSION = YES_AGGRESSIVE;
				CLANG_CXX_LANGUAGE_STANDARD = "gnu++20";
				CLANG_ENABLE_MODULES = YES;
				CLANG_ENABLE_OBJC_ARC = YES;
				CLANG_ENABLE_OBJC_WEAK = YES;
				CLANG_WARN_BLOCK_CAPTURE_AUTORELEASING = YES;
				CLANG_WARN_BOOL_CONVERSION = YES;
				CLANG_WARN_COMMA = YES;
				CLANG_WARN_CONSTANT_CONVERSION = YES;
				CLANG_WARN_DEPRECATED_OBJC_IMPLEMENTATIONS = YES;
				CLANG_WARN_DIRECT_OBJC_ISA_USAGE = YES_ERROR;
				CLANG_WARN_DOCUMENTATION_COMMENTS = YES;
				CLANG_WARN_EMPTY_BODY = YES;
				CLANG_WARN_ENUM_CONVERSION = YES;
				CLANG_WARN_INFINITE_RECURSION = YES;
				CLANG_WARN_INT_CONVERSION = YES;
				CLANG_WARN_NON_LITERAL_NULL_CONVERSION = YES;
				CLANG_WARN_OBJC_IMPLICIT_RETAIN_SELF = YES;
				CLANG_WARN_OBJC_LITERAL_CONVERSION = YES;
				CLANG_WARN_OBJC_ROOT_CLASS = YES_ERROR;
				CLANG_WARN_QUOTED_INCLUDE_IN_FRAMEWORK_HEADER = YES;
				CLANG_WARN_RANGE_LOOP_ANALYSIS = YES;
				CLANG_WARN_STRICT_PROTOTYPES = YES;
				CLANG_WARN_SUSPICIOUS_MOVE = YES;
				CLANG_WARN_UNGUARDED_AVAILABILITY = YES_AGGRESSIVE;
				CLANG_WARN_UNREACHABLE_CODE = YES;
				CLANG_WARN__DUPLICATE_METHOD_MATCH = YES;
				COPY_PHASE_STRIP = NO;
				DEBUG_INFORMATION_FORMAT = "dwarf-with-dsym";
				ENABLE_NS_ASSERTIONS = NO;
				ENABLE_STRICT_OBJC_MSGSEND = YES;
				GCC_C_LANGUAGE_STANDARD = gnu11;
				GCC_NO_COMMON_BLOCKS = YES;
				GCC_WARN_64_TO_32_BIT_CONVERSION = YES;
				GCC_WARN_ABOUT_RETURN_TYPE = YES_ERROR;
				GCC_WARN_UNDECLARED_SELECTOR = YES;
				GCC_WARN_UNINITIALIZED_AUTOS = YES_AGGRESSIVE;
				GCC_WARN_UNUSED_FUNCTION = YES;
				GCC_WARN_UNUSED_VARIABLE = YES;
				IPHONEOS_DEPLOYMENT_TARGET = 16.2;
				MTL_ENABLE_DEBUG_INFO = NO;
				MTL_FAST_MATH = YES;
				SDKROOT = iphoneos;
				SWIFT_COMPILATION_MODE = wholemodule;
				SWIFT_OPTIMIZATION_LEVEL = "-O";
				VALIDATE_PRODUCT = YES;
			};
			name = Release;
		};
		E1BD47E32A3EF30A007A4823 /* Debug */ = {
			isa = XCBuildConfiguration;
			buildSettings = {
				ASSETCATALOG_COMPILER_APPICON_NAME = AppIcon;
				ASSETCATALOG_COMPILER_GLOBAL_ACCENT_COLOR_NAME = AccentColor;
				CODE_SIGN_STYLE = Automatic;
				CURRENT_PROJECT_VERSION = 1;
				DEVELOPMENT_ASSET_PATHS = "\"Pham Hong Duy Notes/Preview Content\"";
				DEVELOPMENT_TEAM = LVGX6TXP3U;
				ENABLE_PREVIEWS = YES;
				GENERATE_INFOPLIST_FILE = YES;
				INFOPLIST_KEY_UIApplicationSceneManifest_Generation = YES;
				INFOPLIST_KEY_UIApplicationSupportsIndirectInputEvents = YES;
				INFOPLIST_KEY_UILaunchScreen_Generation = YES;
				INFOPLIST_KEY_UISupportedInterfaceOrientations_iPad = "UIInterfaceOrientationPortrait UIInterfaceOrientationPortraitUpsideDown UIInterfaceOrientationLandscapeLeft UIInterfaceOrientationLandscapeRight";
				INFOPLIST_KEY_UISupportedInterfaceOrientations_iPhone = "UIInterfaceOrientationPortrait UIInterfaceOrientationLandscapeLeft UIInterfaceOrientationLandscapeRight";
				LD_RUNPATH_SEARCH_PATHS = (
					"$(inherited)",
					"@executable_path/Frameworks",
				);
				MARKETING_VERSION = 1.0;
				PRODUCT_BUNDLE_IDENTIFIER = "duy.pham.notes.Pham-Hong-Duy-Notes";
				PRODUCT_NAME = "$(TARGET_NAME)";
				SWIFT_EMIT_LOC_STRINGS = YES;
				SWIFT_VERSION = 5.0;
				TARGETED_DEVICE_FAMILY = "1,2";
			};
			name = Debug;
		};
		E1BD47E42A3EF30A007A4823 /* Release */ = {
			isa = XCBuildConfiguration;
			buildSettings = {
				ASSETCATALOG_COMPILER_APPICON_NAME = AppIcon;
				ASSETCATALOG_COMPILER_GLOBAL_ACCENT_COLOR_NAME = AccentColor;
				CODE_SIGN_STYLE = Automatic;
				CURRENT_PROJECT_VERSION = 1;
				DEVELOPMENT_ASSET_PATHS = "\"Pham Hong Duy Notes/Preview Content\"";
				DEVELOPMENT_TEAM = LVGX6TXP3U;
				ENABLE_PREVIEWS = YES;
				GENERATE_INFOPLIST_FILE = YES;
				INFOPLIST_KEY_UIApplicationSceneManifest_Generation = YES;
				INFOPLIST_KEY_UIApplicationSupportsIndirectInputEvents = YES;
				INFOPLIST_KEY_UILaunchScreen_Generation = YES;
				INFOPLIST_KEY_UISupportedInterfaceOrientations_iPad = "UIInterfaceOrientationPortrait UIInterfaceOrientationPortraitUpsideDown UIInterfaceOrientationLandscapeLeft UIInterfaceOrientationLandscapeRight";
				INFOPLIST_KEY_UISupportedInterfaceOrientations_iPhone = "UIInterfaceOrientationPortrait UIInterfaceOrientationLandscapeLeft UIInterfaceOrientationLandscapeRight";
				LD_RUNPATH_SEARCH_PATHS = (
					"$(inherited)",
					"@executable_path/Frameworks",
				);
				MARKETING_VERSION = 1.0;
				PRODUCT_BUNDLE_IDENTIFIER = "duy.pham.notes.Pham-Hong-Duy-Notes";
				PRODUCT_NAME = "$(TARGET_NAME)";
				SWIFT_EMIT_LOC_STRINGS = YES;
				SWIFT_VERSION = 5.0;
				TARGETED_DEVICE_FAMILY = "1,2";
			};
			name = Release;
		};
		E1BD47E62A3EF30A007A4823 /* Debug */ = {
			isa = XCBuildConfiguration;
			buildSettings = {
				ALWAYS_EMBED_SWIFT_STANDARD_LIBRARIES = YES;
				BUNDLE_LOADER = "$(TEST_HOST)";
				CODE_SIGN_STYLE = Automatic;
				CURRENT_PROJECT_VERSION = 1;
				DEVELOPMENT_TEAM = LVGX6TXP3U;
				GENERATE_INFOPLIST_FILE = YES;
				IPHONEOS_DEPLOYMENT_TARGET = 16.2;
				MARKETING_VERSION = 1.0;
				PRODUCT_BUNDLE_IDENTIFIER = "duy.pham.notes.Pham-Hong-Duy-NotesTests";
				PRODUCT_NAME = "$(TARGET_NAME)";
				SWIFT_EMIT_LOC_STRINGS = NO;
				SWIFT_VERSION = 5.0;
				TARGETED_DEVICE_FAMILY = "1,2";
				TEST_HOST = "$(BUILT_PRODUCTS_DIR)/Pham Hong Duy Notes.app/$(BUNDLE_EXECUTABLE_FOLDER_PATH)/Pham Hong Duy Notes";
			};
			name = Debug;
		};
		E1BD47E72A3EF30A007A4823 /* Release */ = {
			isa = XCBuildConfiguration;
			buildSettings = {
				ALWAYS_EMBED_SWIFT_STANDARD_LIBRARIES = YES;
				BUNDLE_LOADER = "$(TEST_HOST)";
				CODE_SIGN_STYLE = Automatic;
				CURRENT_PROJECT_VERSION = 1;
				DEVELOPMENT_TEAM = LVGX6TXP3U;
				GENERATE_INFOPLIST_FILE = YES;
				IPHONEOS_DEPLOYMENT_TARGET = 16.2;
				MARKETING_VERSION = 1.0;
				PRODUCT_BUNDLE_IDENTIFIER = "duy.pham.notes.Pham-Hong-Duy-NotesTests";
				PRODUCT_NAME = "$(TARGET_NAME)";
				SWIFT_EMIT_LOC_STRINGS = NO;
				SWIFT_VERSION = 5.0;
				TARGETED_DEVICE_FAMILY = "1,2";
				TEST_HOST = "$(BUILT_PRODUCTS_DIR)/Pham Hong Duy Notes.app/$(BUNDLE_EXECUTABLE_FOLDER_PATH)/Pham Hong Duy Notes";
			};
			name = Release;
		};
		E1BD47E92A3EF30A007A4823 /* Debug */ = {
			isa = XCBuildConfiguration;
			buildSettings = {
				ALWAYS_EMBED_SWIFT_STANDARD_LIBRARIES = YES;
				CODE_SIGN_STYLE = Automatic;
				CURRENT_PROJECT_VERSION = 1;
				DEVELOPMENT_TEAM = LVGX6TXP3U;
				GENERATE_INFOPLIST_FILE = YES;
				MARKETING_VERSION = 1.0;
				PRODUCT_BUNDLE_IDENTIFIER = "duy.pham.notes.Pham-Hong-Duy-NotesUITests";
				PRODUCT_NAME = "$(TARGET_NAME)";
				SWIFT_EMIT_LOC_STRINGS = NO;
				SWIFT_VERSION = 5.0;
				TARGETED_DEVICE_FAMILY = "1,2";
				TEST_TARGET_NAME = "Pham Hong Duy Notes";
			};
			name = Debug;
		};
		E1BD47EA2A3EF30A007A4823 /* Release */ = {
			isa = XCBuildConfiguration;
			buildSettings = {
				ALWAYS_EMBED_SWIFT_STANDARD_LIBRARIES = YES;
				CODE_SIGN_STYLE = Automatic;
				CURRENT_PROJECT_VERSION = 1;
				DEVELOPMENT_TEAM = LVGX6TXP3U;
				GENERATE_INFOPLIST_FILE = YES;
				MARKETING_VERSION = 1.0;
				PRODUCT_BUNDLE_IDENTIFIER = "duy.pham.notes.Pham-Hong-Duy-NotesUITests";
				PRODUCT_NAME = "$(TARGET_NAME)";
				SWIFT_EMIT_LOC_STRINGS = NO;
				SWIFT_VERSION = 5.0;
				TARGETED_DEVICE_FAMILY = "1,2";
				TEST_TARGET_NAME = "Pham Hong Duy Notes";
			};
			name = Release;
		};
/* End XCBuildConfiguration section */

/* Begin XCConfigurationList section */
		E1BD47B92A3EF308007A4823 /* Build configuration list for PBXProject "Pham Hong Duy Notes" */ = {
			isa = XCConfigurationList;
			buildConfigurations = (
				E1BD47E02A3EF30A007A4823 /* Debug */,
				E1BD47E12A3EF30A007A4823 /* Release */,
			);
			defaultConfigurationIsVisible = 0;
			defaultConfigurationName = Release;
		};
		E1BD47E22A3EF30A007A4823 /* Build configuration list for PBXNativeTarget "Pham Hong Duy Notes" */ = {
			isa = XCConfigurationList;
			buildConfigurations = (
				E1BD47E32A3EF30A007A4823 /* Debug */,
				E1BD47E42A3EF30A007A4823 /* Release */,
			);
			defaultConfigurationIsVisible = 0;
			defaultConfigurationName = Release;
		};
		E1BD47E52A3EF30A007A4823 /* Build configuration list for PBXNativeTarget "Pham Hong Duy NotesTests" */ = {
			isa = XCConfigurationList;
			buildConfigurations = (
				E1BD47E62A3EF30A007A4823 /* Debug */,
				E1BD47E72A3EF30A007A4823 /* Release */,
			);
			defaultConfigurationIsVisible = 0;
			defaultConfigurationName = Release;
		};
		E1BD47E82A3EF30A007A4823 /* Build configuration list for PBXNativeTarget "Pham Hong Duy NotesUITests" */ = {
			isa = XCConfigurationList;
			buildConfigurations = (
				E1BD47E92A3EF30A007A4823 /* Debug */,
				E1BD47EA2A3EF30A007A4823 /* Release */,
			);
			defaultConfigurationIsVisible = 0;
			defaultConfigurationName = Release;
		};
/* End XCConfigurationList section */
	};
	rootObject = E1BD47B62A3EF308007A4823 /* Project object */;
}
